// !$*UTF8*$!
{
	archiveVersion = 1;
	classes = {
	};
	objectVersion = 45;
	objects = {

/* Begin PBXBuildFile section */
		1DDD58160DA1D0A300B32029 /* MainMenu.xib in Resources */ = {isa = PBXBuildFile; fileRef = 1DDD58140DA1D0A300B32029 /* MainMenu.xib */; };
		8D11072B0486CEB800E47090 /* InfoPlist.strings in Resources */ = {isa = PBXBuildFile; fileRef = 089C165CFE840E0CC02AAC07 /* InfoPlist.strings */; };
		8D11072D0486CEB800E47090 /* main.m in Sources */ = {isa = PBXBuildFile; fileRef = 29B97316FDCFA39411CA2CEA /* main.m */; settings = {ATTRIBUTES = (); }; };
		8D11072F0486CEB800E47090 /* Cocoa.framework in Frameworks */ = {isa = PBXBuildFile; fileRef = 1058C7A1FEA54F0111CA2CBB /* Cocoa.framework */; };
		F90520DA0EFDCB5400B489FE /* TLMAuthorizedOperation.m in Sources */ = {isa = PBXBuildFile; fileRef = F90520D90EFDCB5400B489FE /* TLMAuthorizedOperation.m */; };
		F905217F0EFEA98600B489FE /* PapersizeSheet.xib in Resources */ = {isa = PBXBuildFile; fileRef = F905217E0EFEA98600B489FE /* PapersizeSheet.xib */; };
		F9053F4810B21B0D00BF5C0B /* TLMProgressIndicatorCell.m in Sources */ = {isa = PBXBuildFile; fileRef = F9053F4710B21B0D00BF5C0B /* TLMProgressIndicatorCell.m */; };
		F9129BC0102F25AC000A7B50 /* TLMSizeFormatter.m in Sources */ = {isa = PBXBuildFile; fileRef = F9129BBF102F25AC000A7B50 /* TLMSizeFormatter.m */; };
		F91858E0104798C400341791 /* TLMOptionOperation.m in Sources */ = {isa = PBXBuildFile; fileRef = F91858DF104798C400341791 /* TLMOptionOperation.m */; };
		F922D79E1038B1E1004E9B12 /* TLMDownload.m in Sources */ = {isa = PBXBuildFile; fileRef = F922D79D1038B1E1004E9B12 /* TLMDownload.m */; };
		F94E74A20EF4965100E0B78F /* TLMTableView.m in Sources */ = {isa = PBXBuildFile; fileRef = F94E74A10EF4965100E0B78F /* TLMTableView.m */; };
		F96249D10F1C453B007F3D70 /* TLMReleaseNotesController.m in Sources */ = {isa = PBXBuildFile; fileRef = F96249D00F1C453B007F3D70 /* TLMReleaseNotesController.m */; };
		F96249D50F1C516F007F3D70 /* ReleaseNotes.xib in Resources */ = {isa = PBXBuildFile; fileRef = F96249D40F1C516F007F3D70 /* ReleaseNotes.xib */; };
		F964A3350EFEFBCC0006868B /* TLMStatusWindow.m in Sources */ = {isa = PBXBuildFile; fileRef = F964A3340EFEFBCC0006868B /* TLMStatusWindow.m */; };
		F964A6350F0070E80006868B /* TLMPackageListDataSource.m in Sources */ = {isa = PBXBuildFile; fileRef = F964A6340F0070E80006868B /* TLMPackageListDataSource.m */; };
		F964A63B0F0071920006868B /* TLMPackageNode.m in Sources */ = {isa = PBXBuildFile; fileRef = F964A63A0F0071920006868B /* TLMPackageNode.m */; };
		F964A6660F009B1F0006868B /* TLMListOperation.m in Sources */ = {isa = PBXBuildFile; fileRef = F964A6650F009B1F0006868B /* TLMListOperation.m */; };
		F97A7E500F13067C008EBCEA /* TLMTask.m in Sources */ = {isa = PBXBuildFile; fileRef = F97A7E4F0F13067C008EBCEA /* TLMTask.m */; };
		F97E85740EFA18F400862882 /* TeXDistTool.icns in Resources */ = {isa = PBXBuildFile; fileRef = F97E85730EFA18F400862882 /* TeXDistTool.icns */; };
		F97E860C0EFA3BFD00862882 /* TeXDistDocument.icns in Resources */ = {isa = PBXBuildFile; fileRef = F97E860B0EFA3BFD00862882 /* TeXDistDocument.icns */; };
		F98FADA910672943002C1972 /* TLMNetInstallOperation.m in Sources */ = {isa = PBXBuildFile; fileRef = F98FADA810672943002C1972 /* TLMNetInstallOperation.m */; };
		F9963EC50F0490E9005F0174 /* TLMRemoveOperation.m in Sources */ = {isa = PBXBuildFile; fileRef = F9963EC40F0490E9005F0174 /* TLMRemoveOperation.m */; };
		F9963FEF0F054999005F0174 /* TLMInstallOperation.m in Sources */ = {isa = PBXBuildFile; fileRef = F9963FEE0F054999005F0174 /* TLMInstallOperation.m */; };
		F9999F9C10D1C33800F594CB /* KeychainUtilities.m in Sources */ = {isa = PBXBuildFile; fileRef = F9999F9B10D1C33800F594CB /* KeychainUtilities.m */; };
		F99CCDE70F0EB56E00D67ED0 /* DefaultMirrors.plist in Resources */ = {isa = PBXBuildFile; fileRef = F99CCDDA0F0EAFB300D67ED0 /* DefaultMirrors.plist */; };
		F99D9B0B0F01731E00A1DCCB /* TLMTabView.m in Sources */ = {isa = PBXBuildFile; fileRef = F99D9B0A0F01731E00A1DCCB /* TLMTabView.m */; };
		F99E51980EEE4AD5006E6B39 /* TLMURLFormatter.m in Sources */ = {isa = PBXBuildFile; fileRef = F99E51970EEE4AD5006E6B39 /* TLMURLFormatter.m */; };
		F9A057B60F507624008C804E /* DVIImporter.mdimporter in CopyFiles */ = {isa = PBXBuildFile; fileRef = F9A057B20F5075DD008C804E /* DVIImporter.mdimporter */; };
		F9A49FC71059E64400F5AC62 /* TLMInstallDataSource.m in Sources */ = {isa = PBXBuildFile; fileRef = F9A49FC61059E64400F5AC62 /* TLMInstallDataSource.m */; };
		F9A4A093105CA67100F5AC62 /* TLMProfileNode.m in Sources */ = {isa = PBXBuildFile; fileRef = F9A4A092105CA67100F5AC62 /* TLMProfileNode.m */; };
		F9A4A106105D736B00F5AC62 /* texlive.profile.plist in Resources */ = {isa = PBXBuildFile; fileRef = F9A4A105105D736B00F5AC62 /* texlive.profile.plist */; };
		F9A8BB370EF8B11200E35DC9 /* TLMInfraUpdateOperation.m in Sources */ = {isa = PBXBuildFile; fileRef = F9A8BB360EF8B11200E35DC9 /* TLMInfraUpdateOperation.m */; };
		F9ABAA5E0EF198D500497E0F /* Credits.rtf in Resources */ = {isa = PBXBuildFile; fileRef = F9ABAA5D0EF198D500497E0F /* Credits.rtf */; };
		F9B062000F0F388500BB03D3 /* Localizable.strings in Resources */ = {isa = PBXBuildFile; fileRef = F9B061FF0F0F388500BB03D3 /* Localizable.strings */; };
		F9B134610EEB1894007C0046 /* TLMAppController.m in Sources */ = {isa = PBXBuildFile; fileRef = F9B134600EEB1894007C0046 /* TLMAppController.m */; };
		F9B134680EEB19CB007C0046 /* TLMMainWindowController.m in Sources */ = {isa = PBXBuildFile; fileRef = F9B134670EEB19CB007C0046 /* TLMMainWindowController.m */; };
		F9B134710EEB1B13007C0046 /* MainWindow.xib in Resources */ = {isa = PBXBuildFile; fileRef = F9B134700EEB1B13007C0046 /* MainWindow.xib */; };
		F9B134780EEB2065007C0046 /* TLMPackage.m in Sources */ = {isa = PBXBuildFile; fileRef = F9B134770EEB2065007C0046 /* TLMPackage.m */; };
		F9B1347D0EEB208C007C0046 /* TLMOutputParser.m in Sources */ = {isa = PBXBuildFile; fileRef = F9B1347C0EEB208C007C0046 /* TLMOutputParser.m */; };
		F9B134BF0EEB293F007C0046 /* TLMOperation.m in Sources */ = {isa = PBXBuildFile; fileRef = F9B134BE0EEB293F007C0046 /* TLMOperation.m */; };
		F9B134C60EEB3383007C0046 /* BDSKTask.m in Sources */ = {isa = PBXBuildFile; fileRef = F9B134C50EEB3383007C0046 /* BDSKTask.m */; };
		F9B1371B0EEC4A72007C0046 /* TLMListUpdatesOperation.m in Sources */ = {isa = PBXBuildFile; fileRef = F9B1371A0EEC4A72007C0046 /* TLMListUpdatesOperation.m */; };
		F9B137200EEC4A92007C0046 /* TLMUpdateOperation.m in Sources */ = {isa = PBXBuildFile; fileRef = F9B1371F0EEC4A92007C0046 /* TLMUpdateOperation.m */; };
		F9B137330EEC4C6A007C0046 /* Security.framework in Frameworks */ = {isa = PBXBuildFile; fileRef = F9B137320EEC4C6A007C0046 /* Security.framework */; };
		F9B139D40EECBE23007C0046 /* tlmgr_cwrapper.m in Sources */ = {isa = PBXBuildFile; fileRef = F9B139D30EECBE23007C0046 /* tlmgr_cwrapper.m */; };
		F9B139DA0EECBECD007C0046 /* tlmgr_cwrapper in copy tlmgr_cwrapper */ = {isa = PBXBuildFile; fileRef = F9B139CB0EECBDFE007C0046 /* tlmgr_cwrapper */; };
		F9B13ADE0EECDAC8007C0046 /* TLMSplitView.m in Sources */ = {isa = PBXBuildFile; fileRef = F9B13ADB0EECD9DA007C0046 /* TLMSplitView.m */; };
		F9B13B1D0EECE7F3007C0046 /* TLMInfoOperation.m in Sources */ = {isa = PBXBuildFile; fileRef = F9B13B1C0EECE7F3007C0046 /* TLMInfoOperation.m */; };
		F9B13B240EECEA73007C0046 /* TLMInfoController.m in Sources */ = {isa = PBXBuildFile; fileRef = F9B13B170EECE5AE007C0046 /* TLMInfoController.m */; };
		F9B13B2B0EECEB05007C0046 /* InfoPanel.xib in Resources */ = {isa = PBXBuildFile; fileRef = F9B13B2A0EECEB05007C0046 /* InfoPanel.xib */; };
		F9B3961C0F340A9C007F95E9 /* FileView.framework in Frameworks */ = {isa = PBXBuildFile; fileRef = F9B396150F340A71007F95E9 /* FileView.framework */; };
		F9B3961D0F340AAA007F95E9 /* FileView.framework in copy frameworks */ = {isa = PBXBuildFile; fileRef = F9B396150F340A71007F95E9 /* FileView.framework */; };
		F9B6B5630EF460A400CF767F /* Foundation.framework in Frameworks */ = {isa = PBXBuildFile; fileRef = 29B97325FDCFA39411CA2CEA /* Foundation.framework */; };
		F9B6B5EB0EF4647400CF767F /* TLMLogMessage.m in Sources */ = {isa = PBXBuildFile; fileRef = F9F56B4B0EF31F8800E934A9 /* TLMLogMessage.m */; };
		F9B6B5F80EF469A600CF767F /* TLMLogServer.m in Sources */ = {isa = PBXBuildFile; fileRef = F9B6B5F70EF469A600CF767F /* TLMLogServer.m */; };
		F9D37C9A0F01A80800FB755E /* TLMGradientView.m in Sources */ = {isa = PBXBuildFile; fileRef = F9D37C990F01A80800FB755E /* TLMGradientView.m */; };
		F9D37D640F01EA8900FB755E /* TLMUpdateListDataSource.m in Sources */ = {isa = PBXBuildFile; fileRef = F9D37D630F01EA8900FB755E /* TLMUpdateListDataSource.m */; };
		F9D37E7B0F02B5F700FB755E /* TLMOutlineView.m in Sources */ = {isa = PBXBuildFile; fileRef = F9D37E7A0F02B5F700FB755E /* TLMOutlineView.m */; };
		F9DCD36C0F06F0A200600DD2 /* Sparkle.framework in Frameworks */ = {isa = PBXBuildFile; fileRef = F9DCD3650F06F08C00600DD2 /* Sparkle.framework */; };
		F9DCD3700F06F0F400600DD2 /* Sparkle.framework in copy frameworks */ = {isa = PBXBuildFile; fileRef = F9DCD3650F06F08C00600DD2 /* Sparkle.framework */; };
		F9DCD43F0F06F76F00600DD2 /* dsa_pub.pem in Resources */ = {isa = PBXBuildFile; fileRef = F9DCD43E0F06F76F00600DD2 /* dsa_pub.pem */; };
		F9E22FD50EFCBD2A00B0BE38 /* TLMPapersizeOperation.m in Sources */ = {isa = PBXBuildFile; fileRef = F9E22FD40EFCBD2A00B0BE38 /* TLMPapersizeOperation.m */; };
		F9E2C9BF0F3C00FA00D5EC49 /* DVI.qlgenerator in CopyFiles */ = {isa = PBXBuildFile; fileRef = F9E2C92D0F3C009400D5EC49 /* DVI.qlgenerator */; };
		F9F043030F180031008DFE8C /* TLMReadWriteOperationQueue.m in Sources */ = {isa = PBXBuildFile; fileRef = F9F043020F180031008DFE8C /* TLMReadWriteOperationQueue.m */; };
		F9F130560EED94D800D9968D /* Preferences.xib in Resources */ = {isa = PBXBuildFile; fileRef = F9F130550EED94D800D9968D /* Preferences.xib */; };
		F9F1305B0EED94F700D9968D /* TLMPreferenceController.m in Sources */ = {isa = PBXBuildFile; fileRef = F9F1305A0EED94F700D9968D /* TLMPreferenceController.m */; };
		F9F1C11310C5ABA300D32C17 /* NSMenu_TLMExtensions.m in Sources */ = {isa = PBXBuildFile; fileRef = F9F1C11210C5ABA300D32C17 /* NSMenu_TLMExtensions.m */; };
		F9F1C14E10C6EEC200D32C17 /* SystemConfiguration.framework in Frameworks */ = {isa = PBXBuildFile; fileRef = F9F1C14D10C6EEC200D32C17 /* SystemConfiguration.framework */; };
		F9F56B4C0EF31F8800E934A9 /* TLMLogMessage.m in Sources */ = {isa = PBXBuildFile; fileRef = F9F56B4B0EF31F8800E934A9 /* TLMLogMessage.m */; };
		F9F56BA10EF36F8B00E934A9 /* TLMLogDataSource.m in Sources */ = {isa = PBXBuildFile; fileRef = F9F56BA00EF36F8B00E934A9 /* TLMLogDataSource.m */; };
		F9FAA44E0EFCBECD0040EAB2 /* TLMPapersizeController.m in Sources */ = {isa = PBXBuildFile; fileRef = F9FAA44D0EFCBECD0040EAB2 /* TLMPapersizeController.m */; };
/* End PBXBuildFile section */

/* Begin PBXContainerItemProxy section */
		F91E07990F341CA2006F4D97 /* PBXContainerItemProxy */ = {
			isa = PBXContainerItemProxy;
			containerPortal = F9B396090F340A71007F95E9 /* FileView.xcodeproj */;
			proxyType = 1;
			remoteGlobalIDString = F9F04CE10CE260EB00F28ED2;
			remoteInfo = "Framework + Plugins";
		};
		F9A057B10F5075DD008C804E /* PBXContainerItemProxy */ = {
			isa = PBXContainerItemProxy;
			containerPortal = F9A057A80F5075DD008C804E /* DVIImporter.xcodeproj */;
			proxyType = 2;
			remoteGlobalIDString = 8D576316048677EA00EA77CD;
			remoteInfo = DVIImporter;
		};
		F9A057C70F5076A2008C804E /* PBXContainerItemProxy */ = {
			isa = PBXContainerItemProxy;
			containerPortal = F9A057A80F5075DD008C804E /* DVIImporter.xcodeproj */;
			proxyType = 1;
			remoteGlobalIDString = 8D57630D048677EA00EA77CD;
			remoteInfo = DVIImporter;
		};
		F9B139D50EECBE8F007C0046 /* PBXContainerItemProxy */ = {
			isa = PBXContainerItemProxy;
			containerPortal = 29B97313FDCFA39411CA2CEA /* Project object */;
			proxyType = 1;
			remoteGlobalIDString = F9B139CA0EECBDFE007C0046;
			remoteInfo = tlmgr_cwrapper;
		};
		F9B396140F340A71007F95E9 /* PBXContainerItemProxy */ = {
			isa = PBXContainerItemProxy;
			containerPortal = F9B396090F340A71007F95E9 /* FileView.xcodeproj */;
			proxyType = 2;
			remoteGlobalIDString = 8DC2EF5B0486A6940098B216;
			remoteInfo = FileView;
		};
		F9B396160F340A71007F95E9 /* PBXContainerItemProxy */ = {
			isa = PBXContainerItemProxy;
			containerPortal = F9B396090F340A71007F95E9 /* FileView.xcodeproj */;
			proxyType = 2;
			remoteGlobalIDString = F94692510CA575F000AC2772;
			remoteInfo = "FileView Program";
		};
		F9B396180F340A71007F95E9 /* PBXContainerItemProxy */ = {
			isa = PBXContainerItemProxy;
			containerPortal = F9B396090F340A71007F95E9 /* FileView.xcodeproj */;
			proxyType = 2;
			remoteGlobalIDString = F9F255FE0E14A3430059A21A;
			remoteInfo = FileViewIBPlugin;
		};
		F9DCD3640F06F08C00600DD2 /* PBXContainerItemProxy */ = {
			isa = PBXContainerItemProxy;
			containerPortal = F9DCD3590F06F08C00600DD2 /* Sparkle.xcodeproj */;
			proxyType = 2;
			remoteGlobalIDString = 8DC2EF5B0486A6940098B216;
			remoteInfo = Sparkle;
		};
		F9DCD3660F06F08C00600DD2 /* PBXContainerItemProxy */ = {
			isa = PBXContainerItemProxy;
			containerPortal = F9DCD3590F06F08C00600DD2 /* Sparkle.xcodeproj */;
			proxyType = 2;
			remoteGlobalIDString = 61B5F90209C4CEE200B25A18;
			remoteInfo = "Sparkle Test App";
		};
		F9DCD3680F06F08C00600DD2 /* PBXContainerItemProxy */ = {
			isa = PBXContainerItemProxy;
			containerPortal = F9DCD3590F06F08C00600DD2 /* Sparkle.xcodeproj */;
			proxyType = 2;
			remoteGlobalIDString = DAAEFC960DA571DF0051E0D0;
			remoteInfo = "relaunch tool";
		};
		F9DCD36A0F06F08C00600DD2 /* PBXContainerItemProxy */ = {
			isa = PBXContainerItemProxy;
			containerPortal = F9DCD3590F06F08C00600DD2 /* Sparkle.xcodeproj */;
			proxyType = 2;
			remoteGlobalIDString = 612279D90DB5470200AB99EA;
			remoteInfo = "Sparkle Unit Tests";
		};
		F9DCD40D0F06F1D900600DD2 /* PBXContainerItemProxy */ = {
			isa = PBXContainerItemProxy;
			containerPortal = F9DCD3590F06F08C00600DD2 /* Sparkle.xcodeproj */;
			proxyType = 1;
			remoteGlobalIDString = 8DC2EF4F0486A6940098B216;
			remoteInfo = Sparkle;
		};
		F9E2C92C0F3C009400D5EC49 /* PBXContainerItemProxy */ = {
			isa = PBXContainerItemProxy;
			containerPortal = F9E2C9250F3C009300D5EC49 /* DVI.xcodeproj */;
			proxyType = 2;
			remoteGlobalIDString = 8D576316048677EA00EA77CD;
			remoteInfo = DVI;
		};
		F9E2C9320F3C00AE00D5EC49 /* PBXContainerItemProxy */ = {
			isa = PBXContainerItemProxy;
			containerPortal = F9E2C9250F3C009300D5EC49 /* DVI.xcodeproj */;
			proxyType = 1;
			remoteGlobalIDString = 8D57630D048677EA00EA77CD;
			remoteInfo = DVI;
		};
/* End PBXContainerItemProxy section */

/* Begin PBXCopyFilesBuildPhase section */
		F9A057B70F507642008C804E /* CopyFiles */ = {
			isa = PBXCopyFilesBuildPhase;
			buildActionMask = 2147483647;
			dstPath = Contents/Library/Spotlight;
			dstSubfolderSpec = 1;
			files = (
				F9A057B60F507624008C804E /* DVIImporter.mdimporter in CopyFiles */,
			);
			runOnlyForDeploymentPostprocessing = 0;
		};
		F9B139DD0EECBEEB007C0046 /* copy tlmgr_cwrapper */ = {
			isa = PBXCopyFilesBuildPhase;
			buildActionMask = 2147483647;
			dstPath = "";
			dstSubfolderSpec = 6;
			files = (
				F9B139DA0EECBECD007C0046 /* tlmgr_cwrapper in copy tlmgr_cwrapper */,
			);
			name = "copy tlmgr_cwrapper";
			runOnlyForDeploymentPostprocessing = 0;
		};
		F9DCD37C0F06F11300600DD2 /* copy frameworks */ = {
			isa = PBXCopyFilesBuildPhase;
			buildActionMask = 2147483647;
			dstPath = "";
			dstSubfolderSpec = 10;
			files = (
				F9B3961D0F340AAA007F95E9 /* FileView.framework in copy frameworks */,
				F9DCD3700F06F0F400600DD2 /* Sparkle.framework in copy frameworks */,
			);
			name = "copy frameworks";
			runOnlyForDeploymentPostprocessing = 0;
		};
		F9E2C9BE0F3C00EE00D5EC49 /* CopyFiles */ = {
			isa = PBXCopyFilesBuildPhase;
			buildActionMask = 2147483647;
			dstPath = Contents/Library/QuickLook;
			dstSubfolderSpec = 1;
			files = (
				F9E2C9BF0F3C00FA00D5EC49 /* DVI.qlgenerator in CopyFiles */,
			);
			runOnlyForDeploymentPostprocessing = 0;
		};
/* End PBXCopyFilesBuildPhase section */

/* Begin PBXFileReference section */
		089C165DFE840E0CC02AAC07 /* English */ = {isa = PBXFileReference; fileEncoding = 10; lastKnownFileType = text.plist.strings; name = English; path = English.lproj/InfoPlist.strings; sourceTree = "<group>"; };
		1058C7A1FEA54F0111CA2CBB /* Cocoa.framework */ = {isa = PBXFileReference; lastKnownFileType = wrapper.framework; name = Cocoa.framework; path = /System/Library/Frameworks/Cocoa.framework; sourceTree = "<absolute>"; };
		1DDD58150DA1D0A300B32029 /* English */ = {isa = PBXFileReference; lastKnownFileType = file.xib; name = English; path = English.lproj/MainMenu.xib; sourceTree = "<group>"; };
		29B97316FDCFA39411CA2CEA /* main.m */ = {isa = PBXFileReference; fileEncoding = 4; lastKnownFileType = sourcecode.c.objc; path = main.m; sourceTree = "<group>"; };
		29B97324FDCFA39411CA2CEA /* AppKit.framework */ = {isa = PBXFileReference; lastKnownFileType = wrapper.framework; name = AppKit.framework; path = /System/Library/Frameworks/AppKit.framework; sourceTree = "<absolute>"; };
		29B97325FDCFA39411CA2CEA /* Foundation.framework */ = {isa = PBXFileReference; lastKnownFileType = wrapper.framework; name = Foundation.framework; path = /System/Library/Frameworks/Foundation.framework; sourceTree = "<absolute>"; };
		32CA4F630368D1EE00C91783 /* TeX Live Manager_Prefix.pch */ = {isa = PBXFileReference; fileEncoding = 4; lastKnownFileType = sourcecode.c.h; path = "TeX Live Manager_Prefix.pch"; sourceTree = "<group>"; };
		8D1107310486CEB800E47090 /* Info.plist */ = {isa = PBXFileReference; fileEncoding = 4; lastKnownFileType = text.plist.xml; path = Info.plist; sourceTree = "<group>"; };
		8D1107320486CEB800E47090 /* TeX Live Utility.app */ = {isa = PBXFileReference; explicitFileType = wrapper.application; includeInIndex = 0; path = "TeX Live Utility.app"; sourceTree = BUILT_PRODUCTS_DIR; };
		F90520D80EFDCB5400B489FE /* TLMAuthorizedOperation.h */ = {isa = PBXFileReference; fileEncoding = 4; lastKnownFileType = sourcecode.c.h; path = TLMAuthorizedOperation.h; sourceTree = "<group>"; };
		F90520D90EFDCB5400B489FE /* TLMAuthorizedOperation.m */ = {isa = PBXFileReference; fileEncoding = 4; lastKnownFileType = sourcecode.c.objc; path = TLMAuthorizedOperation.m; sourceTree = "<group>"; };
		F905217E0EFEA98600B489FE /* PapersizeSheet.xib */ = {isa = PBXFileReference; lastKnownFileType = file.xib; path = PapersizeSheet.xib; sourceTree = "<group>"; };
		F9053F4610B21B0D00BF5C0B /* TLMProgressIndicatorCell.h */ = {isa = PBXFileReference; fileEncoding = 4; lastKnownFileType = sourcecode.c.h; path = TLMProgressIndicatorCell.h; sourceTree = "<group>"; };
		F9053F4710B21B0D00BF5C0B /* TLMProgressIndicatorCell.m */ = {isa = PBXFileReference; fileEncoding = 4; lastKnownFileType = sourcecode.c.objc; path = TLMProgressIndicatorCell.m; sourceTree = "<group>"; };
		F9129BBE102F25AC000A7B50 /* TLMSizeFormatter.h */ = {isa = PBXFileReference; fileEncoding = 4; lastKnownFileType = sourcecode.c.h; path = TLMSizeFormatter.h; sourceTree = "<group>"; };
		F9129BBF102F25AC000A7B50 /* TLMSizeFormatter.m */ = {isa = PBXFileReference; fileEncoding = 4; lastKnownFileType = sourcecode.c.objc; path = TLMSizeFormatter.m; sourceTree = "<group>"; };
		F91858DE104798C400341791 /* TLMOptionOperation.h */ = {isa = PBXFileReference; fileEncoding = 4; lastKnownFileType = sourcecode.c.h; path = TLMOptionOperation.h; sourceTree = "<group>"; };
		F91858DF104798C400341791 /* TLMOptionOperation.m */ = {isa = PBXFileReference; fileEncoding = 4; lastKnownFileType = sourcecode.c.objc; path = TLMOptionOperation.m; sourceTree = "<group>"; };
		F922D79C1038B1E1004E9B12 /* TLMDownload.h */ = {isa = PBXFileReference; fileEncoding = 4; lastKnownFileType = sourcecode.c.h; path = TLMDownload.h; sourceTree = "<group>"; };
		F922D79D1038B1E1004E9B12 /* TLMDownload.m */ = {isa = PBXFileReference; fileEncoding = 4; lastKnownFileType = sourcecode.c.objc; path = TLMDownload.m; sourceTree = "<group>"; };
		F94E74A00EF4965100E0B78F /* TLMTableView.h */ = {isa = PBXFileReference; fileEncoding = 4; lastKnownFileType = sourcecode.c.h; path = TLMTableView.h; sourceTree = "<group>"; };
		F94E74A10EF4965100E0B78F /* TLMTableView.m */ = {isa = PBXFileReference; fileEncoding = 4; lastKnownFileType = sourcecode.c.objc; path = TLMTableView.m; sourceTree = "<group>"; };
		F96249CF0F1C453B007F3D70 /* TLMReleaseNotesController.h */ = {isa = PBXFileReference; fileEncoding = 4; lastKnownFileType = sourcecode.c.h; path = TLMReleaseNotesController.h; sourceTree = "<group>"; };
		F96249D00F1C453B007F3D70 /* TLMReleaseNotesController.m */ = {isa = PBXFileReference; fileEncoding = 4; lastKnownFileType = sourcecode.c.objc; path = TLMReleaseNotesController.m; sourceTree = "<group>"; };
		F96249D40F1C516F007F3D70 /* ReleaseNotes.xib */ = {isa = PBXFileReference; lastKnownFileType = file.xib; path = ReleaseNotes.xib; sourceTree = "<group>"; };
		F964A3330EFEFBCC0006868B /* TLMStatusWindow.h */ = {isa = PBXFileReference; fileEncoding = 4; lastKnownFileType = sourcecode.c.h; path = TLMStatusWindow.h; sourceTree = "<group>"; };
		F964A3340EFEFBCC0006868B /* TLMStatusWindow.m */ = {isa = PBXFileReference; fileEncoding = 4; lastKnownFileType = sourcecode.c.objc; path = TLMStatusWindow.m; sourceTree = "<group>"; };
		F964A6330F0070E80006868B /* TLMPackageListDataSource.h */ = {isa = PBXFileReference; fileEncoding = 4; lastKnownFileType = sourcecode.c.h; path = TLMPackageListDataSource.h; sourceTree = "<group>"; };
		F964A6340F0070E80006868B /* TLMPackageListDataSource.m */ = {isa = PBXFileReference; fileEncoding = 4; lastKnownFileType = sourcecode.c.objc; path = TLMPackageListDataSource.m; sourceTree = "<group>"; };
		F964A6390F0071920006868B /* TLMPackageNode.h */ = {isa = PBXFileReference; fileEncoding = 4; lastKnownFileType = sourcecode.c.h; path = TLMPackageNode.h; sourceTree = "<group>"; };
		F964A63A0F0071920006868B /* TLMPackageNode.m */ = {isa = PBXFileReference; fileEncoding = 4; lastKnownFileType = sourcecode.c.objc; path = TLMPackageNode.m; sourceTree = "<group>"; };
		F964A6640F009B1F0006868B /* TLMListOperation.h */ = {isa = PBXFileReference; fileEncoding = 4; lastKnownFileType = sourcecode.c.h; path = TLMListOperation.h; sourceTree = "<group>"; };
		F964A6650F009B1F0006868B /* TLMListOperation.m */ = {isa = PBXFileReference; fileEncoding = 4; lastKnownFileType = sourcecode.c.objc; path = TLMListOperation.m; sourceTree = "<group>"; };
		F97A7E4E0F13067C008EBCEA /* TLMTask.h */ = {isa = PBXFileReference; fileEncoding = 4; lastKnownFileType = sourcecode.c.h; path = TLMTask.h; sourceTree = "<group>"; };
		F97A7E4F0F13067C008EBCEA /* TLMTask.m */ = {isa = PBXFileReference; fileEncoding = 4; lastKnownFileType = sourcecode.c.objc; path = TLMTask.m; sourceTree = "<group>"; };
		F97E85730EFA18F400862882 /* TeXDistTool.icns */ = {isa = PBXFileReference; lastKnownFileType = image.icns; path = TeXDistTool.icns; sourceTree = "<group>"; };
		F97E860B0EFA3BFD00862882 /* TeXDistDocument.icns */ = {isa = PBXFileReference; lastKnownFileType = image.icns; path = TeXDistDocument.icns; sourceTree = "<group>"; };
		F98FADA710672943002C1972 /* TLMNetInstallOperation.h */ = {isa = PBXFileReference; fileEncoding = 4; lastKnownFileType = sourcecode.c.h; path = TLMNetInstallOperation.h; sourceTree = "<group>"; };
		F98FADA810672943002C1972 /* TLMNetInstallOperation.m */ = {isa = PBXFileReference; fileEncoding = 4; lastKnownFileType = sourcecode.c.objc; path = TLMNetInstallOperation.m; sourceTree = "<group>"; };
		F9963EC30F0490E9005F0174 /* TLMRemoveOperation.h */ = {isa = PBXFileReference; fileEncoding = 4; lastKnownFileType = sourcecode.c.h; path = TLMRemoveOperation.h; sourceTree = "<group>"; };
		F9963EC40F0490E9005F0174 /* TLMRemoveOperation.m */ = {isa = PBXFileReference; fileEncoding = 4; lastKnownFileType = sourcecode.c.objc; path = TLMRemoveOperation.m; sourceTree = "<group>"; };
		F9963FED0F054999005F0174 /* TLMInstallOperation.h */ = {isa = PBXFileReference; fileEncoding = 4; lastKnownFileType = sourcecode.c.h; path = TLMInstallOperation.h; sourceTree = "<group>"; };
		F9963FEE0F054999005F0174 /* TLMInstallOperation.m */ = {isa = PBXFileReference; fileEncoding = 4; lastKnownFileType = sourcecode.c.objc; path = TLMInstallOperation.m; sourceTree = "<group>"; };
		F9999F9A10D1C33800F594CB /* KeychainUtilities.h */ = {isa = PBXFileReference; fileEncoding = 4; lastKnownFileType = sourcecode.c.h; path = KeychainUtilities.h; sourceTree = "<group>"; };
		F9999F9B10D1C33800F594CB /* KeychainUtilities.m */ = {isa = PBXFileReference; fileEncoding = 4; lastKnownFileType = sourcecode.c.objc; path = KeychainUtilities.m; sourceTree = "<group>"; };
		F99CCDDA0F0EAFB300D67ED0 /* DefaultMirrors.plist */ = {isa = PBXFileReference; explicitFileType = text.plist.strings; fileEncoding = 4; path = DefaultMirrors.plist; sourceTree = "<group>"; };
		F99D9B090F01731E00A1DCCB /* TLMTabView.h */ = {isa = PBXFileReference; fileEncoding = 4; lastKnownFileType = sourcecode.c.h; path = TLMTabView.h; sourceTree = "<group>"; };
		F99D9B0A0F01731E00A1DCCB /* TLMTabView.m */ = {isa = PBXFileReference; fileEncoding = 4; lastKnownFileType = sourcecode.c.objc; path = TLMTabView.m; sourceTree = "<group>"; };
		F99E51960EEE4AD5006E6B39 /* TLMURLFormatter.h */ = {isa = PBXFileReference; fileEncoding = 4; lastKnownFileType = sourcecode.c.h; path = TLMURLFormatter.h; sourceTree = "<group>"; };
		F99E51970EEE4AD5006E6B39 /* TLMURLFormatter.m */ = {isa = PBXFileReference; fileEncoding = 4; lastKnownFileType = sourcecode.c.objc; path = TLMURLFormatter.m; sourceTree = "<group>"; };
		F9A057A80F5075DD008C804E /* DVIImporter.xcodeproj */ = {isa = PBXFileReference; lastKnownFileType = "wrapper.pb-project"; name = DVIImporter.xcodeproj; path = DVIImporter/DVIImporter.xcodeproj; sourceTree = "<group>"; };
		F9A49FC51059E64400F5AC62 /* TLMInstallDataSource.h */ = {isa = PBXFileReference; fileEncoding = 4; lastKnownFileType = sourcecode.c.h; path = TLMInstallDataSource.h; sourceTree = "<group>"; };
		F9A49FC61059E64400F5AC62 /* TLMInstallDataSource.m */ = {isa = PBXFileReference; fileEncoding = 4; lastKnownFileType = sourcecode.c.objc; path = TLMInstallDataSource.m; sourceTree = "<group>"; };
		F9A4A091105CA67100F5AC62 /* TLMProfileNode.h */ = {isa = PBXFileReference; fileEncoding = 4; lastKnownFileType = sourcecode.c.h; path = TLMProfileNode.h; sourceTree = "<group>"; };
		F9A4A092105CA67100F5AC62 /* TLMProfileNode.m */ = {isa = PBXFileReference; fileEncoding = 4; lastKnownFileType = sourcecode.c.objc; path = TLMProfileNode.m; sourceTree = "<group>"; };
		F9A4A105105D736B00F5AC62 /* texlive.profile.plist */ = {isa = PBXFileReference; fileEncoding = 4; lastKnownFileType = text.plist.xml; path = texlive.profile.plist; sourceTree = "<group>"; };
		F9A8BB350EF8B11200E35DC9 /* TLMInfraUpdateOperation.h */ = {isa = PBXFileReference; fileEncoding = 4; lastKnownFileType = sourcecode.c.h; path = TLMInfraUpdateOperation.h; sourceTree = "<group>"; };
		F9A8BB360EF8B11200E35DC9 /* TLMInfraUpdateOperation.m */ = {isa = PBXFileReference; fileEncoding = 4; lastKnownFileType = sourcecode.c.objc; path = TLMInfraUpdateOperation.m; sourceTree = "<group>"; };
		F9ABAA5D0EF198D500497E0F /* Credits.rtf */ = {isa = PBXFileReference; lastKnownFileType = text.rtf; path = Credits.rtf; sourceTree = "<group>"; };
		F9B061FD0F0F387700BB03D3 /* English */ = {isa = PBXFileReference; fileEncoding = 2483028224; lastKnownFileType = text.plist.strings; name = English; path = English.lproj/Localizable.strings; sourceTree = "<group>"; };
		F9B1345F0EEB1894007C0046 /* TLMAppController.h */ = {isa = PBXFileReference; fileEncoding = 4; lastKnownFileType = sourcecode.c.h; path = TLMAppController.h; sourceTree = "<group>"; };
		F9B134600EEB1894007C0046 /* TLMAppController.m */ = {isa = PBXFileReference; fileEncoding = 4; lastKnownFileType = sourcecode.c.objc; path = TLMAppController.m; sourceTree = "<group>"; };
		F9B134660EEB19CB007C0046 /* TLMMainWindowController.h */ = {isa = PBXFileReference; fileEncoding = 4; lastKnownFileType = sourcecode.c.h; path = TLMMainWindowController.h; sourceTree = "<group>"; };
		F9B134670EEB19CB007C0046 /* TLMMainWindowController.m */ = {isa = PBXFileReference; fileEncoding = 4; lastKnownFileType = sourcecode.c.objc; path = TLMMainWindowController.m; sourceTree = "<group>"; };
		F9B1346D0EEB1AFE007C0046 /* English */ = {isa = PBXFileReference; lastKnownFileType = file.xib; name = English; path = English.lproj/MainWindow.xib; sourceTree = "<group>"; };
		F9B134760EEB2065007C0046 /* TLMPackage.h */ = {isa = PBXFileReference; fileEncoding = 4; lastKnownFileType = sourcecode.c.h; path = TLMPackage.h; sourceTree = "<group>"; };
		F9B134770EEB2065007C0046 /* TLMPackage.m */ = {isa = PBXFileReference; fileEncoding = 4; lastKnownFileType = sourcecode.c.objc; path = TLMPackage.m; sourceTree = "<group>"; };
		F9B1347B0EEB208C007C0046 /* TLMOutputParser.h */ = {isa = PBXFileReference; fileEncoding = 4; lastKnownFileType = sourcecode.c.h; path = TLMOutputParser.h; sourceTree = "<group>"; };
		F9B1347C0EEB208C007C0046 /* TLMOutputParser.m */ = {isa = PBXFileReference; fileEncoding = 4; lastKnownFileType = sourcecode.c.objc; path = TLMOutputParser.m; sourceTree = "<group>"; };
		F9B134BD0EEB293F007C0046 /* TLMOperation.h */ = {isa = PBXFileReference; fileEncoding = 4; lastKnownFileType = sourcecode.c.h; path = TLMOperation.h; sourceTree = "<group>"; };
		F9B134BE0EEB293F007C0046 /* TLMOperation.m */ = {isa = PBXFileReference; fileEncoding = 4; lastKnownFileType = sourcecode.c.objc; path = TLMOperation.m; sourceTree = "<group>"; };
		F9B134C40EEB3383007C0046 /* BDSKTask.h */ = {isa = PBXFileReference; fileEncoding = 4; lastKnownFileType = sourcecode.c.h; path = BDSKTask.h; sourceTree = "<group>"; };
		F9B134C50EEB3383007C0046 /* BDSKTask.m */ = {isa = PBXFileReference; fileEncoding = 4; lastKnownFileType = sourcecode.c.objc; path = BDSKTask.m; sourceTree = "<group>"; };
		F9B137190EEC4A72007C0046 /* TLMListUpdatesOperation.h */ = {isa = PBXFileReference; fileEncoding = 4; lastKnownFileType = sourcecode.c.h; path = TLMListUpdatesOperation.h; sourceTree = "<group>"; };
		F9B1371A0EEC4A72007C0046 /* TLMListUpdatesOperation.m */ = {isa = PBXFileReference; fileEncoding = 4; lastKnownFileType = sourcecode.c.objc; path = TLMListUpdatesOperation.m; sourceTree = "<group>"; };
		F9B1371E0EEC4A92007C0046 /* TLMUpdateOperation.h */ = {isa = PBXFileReference; fileEncoding = 4; lastKnownFileType = sourcecode.c.h; path = TLMUpdateOperation.h; sourceTree = "<group>"; };
		F9B1371F0EEC4A92007C0046 /* TLMUpdateOperation.m */ = {isa = PBXFileReference; fileEncoding = 4; lastKnownFileType = sourcecode.c.objc; path = TLMUpdateOperation.m; sourceTree = "<group>"; };
		F9B137320EEC4C6A007C0046 /* Security.framework */ = {isa = PBXFileReference; lastKnownFileType = wrapper.framework; name = Security.framework; path = /System/Library/Frameworks/Security.framework; sourceTree = "<absolute>"; };
		F9B139CB0EECBDFE007C0046 /* tlmgr_cwrapper */ = {isa = PBXFileReference; explicitFileType = "compiled.mach-o.executable"; includeInIndex = 0; path = tlmgr_cwrapper; sourceTree = BUILT_PRODUCTS_DIR; };
		F9B139D30EECBE23007C0046 /* tlmgr_cwrapper.m */ = {isa = PBXFileReference; fileEncoding = 4; lastKnownFileType = sourcecode.c.objc; path = tlmgr_cwrapper.m; sourceTree = "<group>"; };
		F9B13ADA0EECD9DA007C0046 /* TLMSplitView.h */ = {isa = PBXFileReference; fileEncoding = 4; lastKnownFileType = sourcecode.c.h; path = TLMSplitView.h; sourceTree = "<group>"; };
		F9B13ADB0EECD9DA007C0046 /* TLMSplitView.m */ = {isa = PBXFileReference; fileEncoding = 4; lastKnownFileType = sourcecode.c.objc; path = TLMSplitView.m; sourceTree = "<group>"; };
		F9B13B160EECE5AE007C0046 /* TLMInfoController.h */ = {isa = PBXFileReference; fileEncoding = 4; lastKnownFileType = sourcecode.c.h; path = TLMInfoController.h; sourceTree = "<group>"; };
		F9B13B170EECE5AE007C0046 /* TLMInfoController.m */ = {isa = PBXFileReference; fileEncoding = 4; lastKnownFileType = sourcecode.c.objc; path = TLMInfoController.m; sourceTree = "<group>"; };
		F9B13B1B0EECE7F3007C0046 /* TLMInfoOperation.h */ = {isa = PBXFileReference; fileEncoding = 4; lastKnownFileType = sourcecode.c.h; path = TLMInfoOperation.h; sourceTree = "<group>"; };
		F9B13B1C0EECE7F3007C0046 /* TLMInfoOperation.m */ = {isa = PBXFileReference; fileEncoding = 4; lastKnownFileType = sourcecode.c.objc; path = TLMInfoOperation.m; sourceTree = "<group>"; };
		F9B13B2A0EECEB05007C0046 /* InfoPanel.xib */ = {isa = PBXFileReference; lastKnownFileType = file.xib; path = InfoPanel.xib; sourceTree = "<group>"; };
		F9B396090F340A71007F95E9 /* FileView.xcodeproj */ = {isa = PBXFileReference; lastKnownFileType = "wrapper.pb-project"; name = FileView.xcodeproj; path = vendorsrc/FileView/FileView.xcodeproj; sourceTree = "<group>"; };
		F9B6B5F60EF469A600CF767F /* TLMLogServer.h */ = {isa = PBXFileReference; fileEncoding = 4; lastKnownFileType = sourcecode.c.h; path = TLMLogServer.h; sourceTree = "<group>"; };
		F9B6B5F70EF469A600CF767F /* TLMLogServer.m */ = {isa = PBXFileReference; fileEncoding = 4; lastKnownFileType = sourcecode.c.objc; path = TLMLogServer.m; sourceTree = "<group>"; };
		F9D37C980F01A80800FB755E /* TLMGradientView.h */ = {isa = PBXFileReference; fileEncoding = 4; lastKnownFileType = sourcecode.c.h; path = TLMGradientView.h; sourceTree = "<group>"; };
		F9D37C990F01A80800FB755E /* TLMGradientView.m */ = {isa = PBXFileReference; fileEncoding = 4; lastKnownFileType = sourcecode.c.objc; path = TLMGradientView.m; sourceTree = "<group>"; };
		F9D37D620F01EA8900FB755E /* TLMUpdateListDataSource.h */ = {isa = PBXFileReference; fileEncoding = 4; lastKnownFileType = sourcecode.c.h; path = TLMUpdateListDataSource.h; sourceTree = "<group>"; };
		F9D37D630F01EA8900FB755E /* TLMUpdateListDataSource.m */ = {isa = PBXFileReference; fileEncoding = 4; lastKnownFileType = sourcecode.c.objc; path = TLMUpdateListDataSource.m; sourceTree = "<group>"; };
		F9D37E790F02B5F700FB755E /* TLMOutlineView.h */ = {isa = PBXFileReference; fileEncoding = 4; lastKnownFileType = sourcecode.c.h; path = TLMOutlineView.h; sourceTree = "<group>"; };
		F9D37E7A0F02B5F700FB755E /* TLMOutlineView.m */ = {isa = PBXFileReference; fileEncoding = 4; lastKnownFileType = sourcecode.c.objc; path = TLMOutlineView.m; sourceTree = "<group>"; };
		F9D9AEB60F0D7EED00CB1A2F /* tlmgr_cwrapper-Info.plist */ = {isa = PBXFileReference; fileEncoding = 4; lastKnownFileType = text.plist.xml; path = "tlmgr_cwrapper-Info.plist"; sourceTree = "<group>"; };
		F9DCD3590F06F08C00600DD2 /* Sparkle.xcodeproj */ = {isa = PBXFileReference; lastKnownFileType = "wrapper.pb-project"; name = Sparkle.xcodeproj; path = Sparkle/Sparkle.xcodeproj; sourceTree = "<group>"; };
		F9DCD43E0F06F76F00600DD2 /* dsa_pub.pem */ = {isa = PBXFileReference; fileEncoding = 4; lastKnownFileType = text; path = dsa_pub.pem; sourceTree = "<group>"; };
		F9DCD4A10F07126F00600DD2 /* tlu_appcast.xml */ = {isa = PBXFileReference; fileEncoding = 4; lastKnownFileType = text.xml; name = tlu_appcast.xml; path = appcast/tlu_appcast.xml; sourceTree = "<group>"; };
		F9E22FD30EFCBD2A00B0BE38 /* TLMPapersizeOperation.h */ = {isa = PBXFileReference; fileEncoding = 4; lastKnownFileType = sourcecode.c.h; path = TLMPapersizeOperation.h; sourceTree = "<group>"; };
		F9E22FD40EFCBD2A00B0BE38 /* TLMPapersizeOperation.m */ = {isa = PBXFileReference; fileEncoding = 4; lastKnownFileType = sourcecode.c.objc; path = TLMPapersizeOperation.m; sourceTree = "<group>"; };
		F9E2C9250F3C009300D5EC49 /* DVI.xcodeproj */ = {isa = PBXFileReference; lastKnownFileType = "wrapper.pb-project"; name = DVI.xcodeproj; path = "DVI-qlgenerator/DVI.xcodeproj"; sourceTree = "<group>"; };
		F9F043010F180031008DFE8C /* TLMReadWriteOperationQueue.h */ = {isa = PBXFileReference; fileEncoding = 4; lastKnownFileType = sourcecode.c.h; path = TLMReadWriteOperationQueue.h; sourceTree = "<group>"; };
		F9F043020F180031008DFE8C /* TLMReadWriteOperationQueue.m */ = {isa = PBXFileReference; fileEncoding = 4; lastKnownFileType = sourcecode.c.objc; path = TLMReadWriteOperationQueue.m; sourceTree = "<group>"; };
		F9F130530EED94CC00D9968D /* English */ = {isa = PBXFileReference; lastKnownFileType = file.xib; name = English; path = English.lproj/Preferences.xib; sourceTree = "<group>"; };
		F9F130590EED94F700D9968D /* TLMPreferenceController.h */ = {isa = PBXFileReference; fileEncoding = 4; lastKnownFileType = sourcecode.c.h; path = TLMPreferenceController.h; sourceTree = "<group>"; };
		F9F1305A0EED94F700D9968D /* TLMPreferenceController.m */ = {isa = PBXFileReference; fileEncoding = 4; lastKnownFileType = sourcecode.c.objc; path = TLMPreferenceController.m; sourceTree = "<group>"; };
		F9F1C11110C5ABA300D32C17 /* NSMenu_TLMExtensions.h */ = {isa = PBXFileReference; fileEncoding = 4; lastKnownFileType = sourcecode.c.h; path = NSMenu_TLMExtensions.h; sourceTree = "<group>"; };
		F9F1C11210C5ABA300D32C17 /* NSMenu_TLMExtensions.m */ = {isa = PBXFileReference; fileEncoding = 4; lastKnownFileType = sourcecode.c.objc; path = NSMenu_TLMExtensions.m; sourceTree = "<group>"; };
		F9F1C14D10C6EEC200D32C17 /* SystemConfiguration.framework */ = {isa = PBXFileReference; lastKnownFileType = wrapper.framework; name = SystemConfiguration.framework; path = /System/Library/Frameworks/SystemConfiguration.framework; sourceTree = "<absolute>"; };
		F9F56B4A0EF31F8800E934A9 /* TLMLogMessage.h */ = {isa = PBXFileReference; fileEncoding = 4; lastKnownFileType = sourcecode.c.h; path = TLMLogMessage.h; sourceTree = "<group>"; };
		F9F56B4B0EF31F8800E934A9 /* TLMLogMessage.m */ = {isa = PBXFileReference; fileEncoding = 4; lastKnownFileType = sourcecode.c.objc; path = TLMLogMessage.m; sourceTree = "<group>"; };
		F9F56B9F0EF36F8B00E934A9 /* TLMLogDataSource.h */ = {isa = PBXFileReference; fileEncoding = 4; lastKnownFileType = sourcecode.c.h; path = TLMLogDataSource.h; sourceTree = "<group>"; };
		F9F56BA00EF36F8B00E934A9 /* TLMLogDataSource.m */ = {isa = PBXFileReference; fileEncoding = 4; lastKnownFileType = sourcecode.c.objc; path = TLMLogDataSource.m; sourceTree = "<group>"; };
		F9FAA44C0EFCBECD0040EAB2 /* TLMPapersizeController.h */ = {isa = PBXFileReference; fileEncoding = 4; lastKnownFileType = sourcecode.c.h; path = TLMPapersizeController.h; sourceTree = "<group>"; };
		F9FAA44D0EFCBECD0040EAB2 /* TLMPapersizeController.m */ = {isa = PBXFileReference; fileEncoding = 4; lastKnownFileType = sourcecode.c.objc; path = TLMPapersizeController.m; sourceTree = "<group>"; };
/* End PBXFileReference section */

/* Begin PBXFrameworksBuildPhase section */
		8D11072E0486CEB800E47090 /* Frameworks */ = {
			isa = PBXFrameworksBuildPhase;
			buildActionMask = 2147483647;
			files = (
				F9B3961C0F340A9C007F95E9 /* FileView.framework in Frameworks */,
				F9DCD36C0F06F0A200600DD2 /* Sparkle.framework in Frameworks */,
				8D11072F0486CEB800E47090 /* Cocoa.framework in Frameworks */,
				F9B137330EEC4C6A007C0046 /* Security.framework in Frameworks */,
				F9F1C14E10C6EEC200D32C17 /* SystemConfiguration.framework in Frameworks */,
			);
			runOnlyForDeploymentPostprocessing = 0;
		};
		F9B139C90EECBDFE007C0046 /* Frameworks */ = {
			isa = PBXFrameworksBuildPhase;
			buildActionMask = 2147483647;
			files = (
				F9B6B5630EF460A400CF767F /* Foundation.framework in Frameworks */,
			);
			runOnlyForDeploymentPostprocessing = 0;
		};
/* End PBXFrameworksBuildPhase section */

/* Begin PBXGroup section */
		080E96DDFE201D6D7F000001 /* Classes */ = {
			isa = PBXGroup;
			children = (
				F9A8BA6F0EF7668E00E35DC9 /* Model */,
				F94E74BA0EF49AE100E0B78F /* Views */,
				F9C490D70EEEF44200E44FA6 /* Operations */,
				F9F56B7E0EF32F3500E934A9 /* Logging */,
				F98FAB3D105DF0D7002C1972 /* Datasources */,
				F98FAB3E105DF112002C1972 /* Window controllers */,
				F922D79C1038B1E1004E9B12 /* TLMDownload.h */,
				F922D79D1038B1E1004E9B12 /* TLMDownload.m */,
				F9B1345F0EEB1894007C0046 /* TLMAppController.h */,
				F9B134600EEB1894007C0046 /* TLMAppController.m */,
				F99E51960EEE4AD5006E6B39 /* TLMURLFormatter.h */,
				F99E51970EEE4AD5006E6B39 /* TLMURLFormatter.m */,
				F9129BBE102F25AC000A7B50 /* TLMSizeFormatter.h */,
				F9129BBF102F25AC000A7B50 /* TLMSizeFormatter.m */,
				F9F1C11110C5ABA300D32C17 /* NSMenu_TLMExtensions.h */,
				F9F1C11210C5ABA300D32C17 /* NSMenu_TLMExtensions.m */,
				F9999F9A10D1C33800F594CB /* KeychainUtilities.h */,
				F9999F9B10D1C33800F594CB /* KeychainUtilities.m */,
			);
			name = Classes;
			sourceTree = "<group>";
		};
		1058C7A0FEA54F0111CA2CBB /* Linked Frameworks */ = {
			isa = PBXGroup;
			children = (
				1058C7A1FEA54F0111CA2CBB /* Cocoa.framework */,
			);
			name = "Linked Frameworks";
			sourceTree = "<group>";
		};
		1058C7A2FEA54F0111CA2CBB /* Other Frameworks */ = {
			isa = PBXGroup;
			children = (
				29B97324FDCFA39411CA2CEA /* AppKit.framework */,
				29B97325FDCFA39411CA2CEA /* Foundation.framework */,
			);
			name = "Other Frameworks";
			sourceTree = "<group>";
		};
		19C28FACFE9D520D11CA2CBB /* Products */ = {
			isa = PBXGroup;
			children = (
				8D1107320486CEB800E47090 /* TeX Live Utility.app */,
				F9B139CB0EECBDFE007C0046 /* tlmgr_cwrapper */,
			);
			name = Products;
			sourceTree = "<group>";
		};
		29B97314FDCFA39411CA2CEA /* TeX Live Manager */ = {
			isa = PBXGroup;
			children = (
				F9DCD4A10F07126F00600DD2 /* tlu_appcast.xml */,
				080E96DDFE201D6D7F000001 /* Classes */,
				29B97315FDCFA39411CA2CEA /* Other Sources */,
				29B97317FDCFA39411CA2CEA /* Resources */,
				29B97323FDCFA39411CA2CEA /* Frameworks */,
				19C28FACFE9D520D11CA2CBB /* Products */,
				F9B396090F340A71007F95E9 /* FileView.xcodeproj */,
				F9E2C9250F3C009300D5EC49 /* DVI.xcodeproj */,
				F9DCD3590F06F08C00600DD2 /* Sparkle.xcodeproj */,
				F9A057A80F5075DD008C804E /* DVIImporter.xcodeproj */,
				F9D9AEB60F0D7EED00CB1A2F /* tlmgr_cwrapper-Info.plist */,
			);
			name = "TeX Live Manager";
			sourceTree = "<group>";
		};
		29B97315FDCFA39411CA2CEA /* Other Sources */ = {
			isa = PBXGroup;
			children = (
				F9B139D30EECBE23007C0046 /* tlmgr_cwrapper.m */,
				32CA4F630368D1EE00C91783 /* TeX Live Manager_Prefix.pch */,
				29B97316FDCFA39411CA2CEA /* main.m */,
			);
			name = "Other Sources";
			sourceTree = "<group>";
		};
		29B97317FDCFA39411CA2CEA /* Resources */ = {
			isa = PBXGroup;
			children = (
				F9A4A105105D736B00F5AC62 /* texlive.profile.plist */,
				F9B061FF0F0F388500BB03D3 /* Localizable.strings */,
				F9DCD43E0F06F76F00600DD2 /* dsa_pub.pem */,
				F97E860B0EFA3BFD00862882 /* TeXDistDocument.icns */,
				F97E85730EFA18F400862882 /* TeXDistTool.icns */,
				F9ABAA5D0EF198D500497E0F /* Credits.rtf */,
				8D1107310486CEB800E47090 /* Info.plist */,
				089C165CFE840E0CC02AAC07 /* InfoPlist.strings */,
				1DDD58140DA1D0A300B32029 /* MainMenu.xib */,
				F9B134700EEB1B13007C0046 /* MainWindow.xib */,
				F9B13B2A0EECEB05007C0046 /* InfoPanel.xib */,
				F9F130550EED94D800D9968D /* Preferences.xib */,
				F905217E0EFEA98600B489FE /* PapersizeSheet.xib */,
				F99CCDDA0F0EAFB300D67ED0 /* DefaultMirrors.plist */,
				F96249D40F1C516F007F3D70 /* ReleaseNotes.xib */,
			);
			name = Resources;
			sourceTree = "<group>";
		};
		29B97323FDCFA39411CA2CEA /* Frameworks */ = {
			isa = PBXGroup;
			children = (
				F9F1C14D10C6EEC200D32C17 /* SystemConfiguration.framework */,
				F9B137320EEC4C6A007C0046 /* Security.framework */,
				1058C7A0FEA54F0111CA2CBB /* Linked Frameworks */,
				1058C7A2FEA54F0111CA2CBB /* Other Frameworks */,
			);
			name = Frameworks;
			sourceTree = "<group>";
		};
		F94E74BA0EF49AE100E0B78F /* Views */ = {
			isa = PBXGroup;
			children = (
				F9053F4610B21B0D00BF5C0B /* TLMProgressIndicatorCell.h */,
				F9053F4710B21B0D00BF5C0B /* TLMProgressIndicatorCell.m */,
				F99D9B090F01731E00A1DCCB /* TLMTabView.h */,
				F99D9B0A0F01731E00A1DCCB /* TLMTabView.m */,
				F9B13ADA0EECD9DA007C0046 /* TLMSplitView.h */,
				F9B13ADB0EECD9DA007C0046 /* TLMSplitView.m */,
				F94E74A00EF4965100E0B78F /* TLMTableView.h */,
				F94E74A10EF4965100E0B78F /* TLMTableView.m */,
				F964A3330EFEFBCC0006868B /* TLMStatusWindow.h */,
				F964A3340EFEFBCC0006868B /* TLMStatusWindow.m */,
				F9D37C980F01A80800FB755E /* TLMGradientView.h */,
				F9D37C990F01A80800FB755E /* TLMGradientView.m */,
				F9D37E790F02B5F700FB755E /* TLMOutlineView.h */,
				F9D37E7A0F02B5F700FB755E /* TLMOutlineView.m */,
			);
			name = Views;
			sourceTree = "<group>";
		};
		F98FAB3D105DF0D7002C1972 /* Datasources */ = {
			isa = PBXGroup;
			children = (
				F9D37D620F01EA8900FB755E /* TLMUpdateListDataSource.h */,
				F9D37D630F01EA8900FB755E /* TLMUpdateListDataSource.m */,
				F964A6330F0070E80006868B /* TLMPackageListDataSource.h */,
				F964A6340F0070E80006868B /* TLMPackageListDataSource.m */,
				F9A49FC51059E64400F5AC62 /* TLMInstallDataSource.h */,
				F9A49FC61059E64400F5AC62 /* TLMInstallDataSource.m */,
			);
			name = Datasources;
			sourceTree = "<group>";
		};
		F98FAB3E105DF112002C1972 /* Window controllers */ = {
			isa = PBXGroup;
			children = (
				F9B134660EEB19CB007C0046 /* TLMMainWindowController.h */,
				F9B134670EEB19CB007C0046 /* TLMMainWindowController.m */,
				F9B13B160EECE5AE007C0046 /* TLMInfoController.h */,
				F9B13B170EECE5AE007C0046 /* TLMInfoController.m */,
				F9F130590EED94F700D9968D /* TLMPreferenceController.h */,
				F9F1305A0EED94F700D9968D /* TLMPreferenceController.m */,
				F9FAA44C0EFCBECD0040EAB2 /* TLMPapersizeController.h */,
				F9FAA44D0EFCBECD0040EAB2 /* TLMPapersizeController.m */,
				F96249CF0F1C453B007F3D70 /* TLMReleaseNotesController.h */,
				F96249D00F1C453B007F3D70 /* TLMReleaseNotesController.m */,
			);
			name = "Window controllers";
			sourceTree = "<group>";
		};
		F9A057A90F5075DD008C804E /* Products */ = {
			isa = PBXGroup;
			children = (
				F9A057B20F5075DD008C804E /* DVIImporter.mdimporter */,
			);
			name = Products;
			sourceTree = "<group>";
		};
		F9A8BA6F0EF7668E00E35DC9 /* Model */ = {
			isa = PBXGroup;
			children = (
				F964A6390F0071920006868B /* TLMPackageNode.h */,
				F964A63A0F0071920006868B /* TLMPackageNode.m */,
				F9B134760EEB2065007C0046 /* TLMPackage.h */,
				F9B134770EEB2065007C0046 /* TLMPackage.m */,
				F9B1347B0EEB208C007C0046 /* TLMOutputParser.h */,
				F9B1347C0EEB208C007C0046 /* TLMOutputParser.m */,
				F9A4A091105CA67100F5AC62 /* TLMProfileNode.h */,
				F9A4A092105CA67100F5AC62 /* TLMProfileNode.m */,
			);
			name = Model;
			sourceTree = "<group>";
		};
		F9B3960A0F340A71007F95E9 /* Products */ = {
			isa = PBXGroup;
			children = (
				F9B396150F340A71007F95E9 /* FileView.framework */,
				F9B396170F340A71007F95E9 /* FileView Program.app */,
				F9B396190F340A71007F95E9 /* FileViewIBPlugin.ibplugin */,
			);
			name = Products;
			sourceTree = "<group>";
		};
		F9C490D70EEEF44200E44FA6 /* Operations */ = {
			isa = PBXGroup;
			children = (
				F9B1371E0EEC4A92007C0046 /* TLMUpdateOperation.h */,
				F9B1371F0EEC4A92007C0046 /* TLMUpdateOperation.m */,
				F9B134C40EEB3383007C0046 /* BDSKTask.h */,
				F9B134C50EEB3383007C0046 /* BDSKTask.m */,
				F9B134BD0EEB293F007C0046 /* TLMOperation.h */,
				F9B134BE0EEB293F007C0046 /* TLMOperation.m */,
				F9B137190EEC4A72007C0046 /* TLMListUpdatesOperation.h */,
				F9B1371A0EEC4A72007C0046 /* TLMListUpdatesOperation.m */,
				F9B13B1B0EECE7F3007C0046 /* TLMInfoOperation.h */,
				F9B13B1C0EECE7F3007C0046 /* TLMInfoOperation.m */,
				F9A8BB350EF8B11200E35DC9 /* TLMInfraUpdateOperation.h */,
				F9A8BB360EF8B11200E35DC9 /* TLMInfraUpdateOperation.m */,
				F9E22FD30EFCBD2A00B0BE38 /* TLMPapersizeOperation.h */,
				F9E22FD40EFCBD2A00B0BE38 /* TLMPapersizeOperation.m */,
				F90520D80EFDCB5400B489FE /* TLMAuthorizedOperation.h */,
				F90520D90EFDCB5400B489FE /* TLMAuthorizedOperation.m */,
				F964A6640F009B1F0006868B /* TLMListOperation.h */,
				F964A6650F009B1F0006868B /* TLMListOperation.m */,
				F9963EC30F0490E9005F0174 /* TLMRemoveOperation.h */,
				F9963EC40F0490E9005F0174 /* TLMRemoveOperation.m */,
				F9963FED0F054999005F0174 /* TLMInstallOperation.h */,
				F9963FEE0F054999005F0174 /* TLMInstallOperation.m */,
				F97A7E4E0F13067C008EBCEA /* TLMTask.h */,
				F97A7E4F0F13067C008EBCEA /* TLMTask.m */,
				F9F043010F180031008DFE8C /* TLMReadWriteOperationQueue.h */,
				F9F043020F180031008DFE8C /* TLMReadWriteOperationQueue.m */,
				F91858DE104798C400341791 /* TLMOptionOperation.h */,
				F91858DF104798C400341791 /* TLMOptionOperation.m */,
				F98FADA710672943002C1972 /* TLMNetInstallOperation.h */,
				F98FADA810672943002C1972 /* TLMNetInstallOperation.m */,
			);
			name = Operations;
			sourceTree = "<group>";
		};
		F9DCD35A0F06F08C00600DD2 /* Products */ = {
			isa = PBXGroup;
			children = (
				F9DCD3650F06F08C00600DD2 /* Sparkle.framework */,
				F9DCD3670F06F08C00600DD2 /* Sparkle Test App.app */,
				F9DCD3690F06F08C00600DD2 /* relaunch */,
				F9DCD36B0F06F08C00600DD2 /* Sparkle Unit Tests.octest */,
			);
			name = Products;
			sourceTree = "<group>";
		};
		F9E2C9260F3C009300D5EC49 /* Products */ = {
			isa = PBXGroup;
			children = (
				F9E2C92D0F3C009400D5EC49 /* DVI.qlgenerator */,
			);
			name = Products;
			sourceTree = "<group>";
		};
		F9F56B7E0EF32F3500E934A9 /* Logging */ = {
			isa = PBXGroup;
			children = (
				F9F56B9F0EF36F8B00E934A9 /* TLMLogDataSource.h */,
				F9F56BA00EF36F8B00E934A9 /* TLMLogDataSource.m */,
				F9F56B4A0EF31F8800E934A9 /* TLMLogMessage.h */,
				F9F56B4B0EF31F8800E934A9 /* TLMLogMessage.m */,
				F9B6B5F60EF469A600CF767F /* TLMLogServer.h */,
				F9B6B5F70EF469A600CF767F /* TLMLogServer.m */,
			);
			name = Logging;
			sourceTree = "<group>";
		};
/* End PBXGroup section */

/* Begin PBXNativeTarget section */
		8D1107260486CEB800E47090 /* TeX Live Utility */ = {
			isa = PBXNativeTarget;
			buildConfigurationList = C01FCF4A08A954540054247B /* Build configuration list for PBXNativeTarget "TeX Live Utility" */;
			buildPhases = (
				F9DCD5650F07EFF100600DD2 /* ShellScript */,
				8D1107290486CEB800E47090 /* Resources */,
				8D11072C0486CEB800E47090 /* Sources */,
				8D11072E0486CEB800E47090 /* Frameworks */,
				F9B139DD0EECBEEB007C0046 /* copy tlmgr_cwrapper */,
				F9DCD37C0F06F11300600DD2 /* copy frameworks */,
				F9E2C9BE0F3C00EE00D5EC49 /* CopyFiles */,
				F9A057B70F507642008C804E /* CopyFiles */,
				F9B396400F340E45007F95E9 /* FileView install name */,
			);
			buildRules = (
			);
			dependencies = (
				F9B139D60EECBE8F007C0046 /* PBXTargetDependency */,
				F9DCD40E0F06F1D900600DD2 /* PBXTargetDependency */,
				F91E079A0F341CA2006F4D97 /* PBXTargetDependency */,
				F9E2C9330F3C00AE00D5EC49 /* PBXTargetDependency */,
				F9A057C80F5076A2008C804E /* PBXTargetDependency */,
			);
			name = "TeX Live Utility";
			productInstallPath = "$(HOME)/Applications";
			productName = "TeX Live Manager";
			productReference = 8D1107320486CEB800E47090 /* TeX Live Utility.app */;
			productType = "com.apple.product-type.application";
		};
		F9B139CA0EECBDFE007C0046 /* tlmgr_cwrapper */ = {
			isa = PBXNativeTarget;
			buildConfigurationList = F9B139D10EECBE1E007C0046 /* Build configuration list for PBXNativeTarget "tlmgr_cwrapper" */;
			buildPhases = (
				F9B139C80EECBDFE007C0046 /* Sources */,
				F9B139C90EECBDFE007C0046 /* Frameworks */,
			);
			buildRules = (
			);
			dependencies = (
			);
			name = tlmgr_cwrapper;
			productName = tlmgr_cwrapper;
			productReference = F9B139CB0EECBDFE007C0046 /* tlmgr_cwrapper */;
			productType = "com.apple.product-type.tool";
		};
/* End PBXNativeTarget section */

/* Begin PBXProject section */
		29B97313FDCFA39411CA2CEA /* Project object */ = {
			isa = PBXProject;
			buildConfigurationList = C01FCF4E08A954540054247B /* Build configuration list for PBXProject "TeX Live Manager" */;
			compatibilityVersion = "Xcode 3.1";
			hasScannedForEncodings = 1;
			mainGroup = 29B97314FDCFA39411CA2CEA /* TeX Live Manager */;
			projectDirPath = "";
			projectReferences = (
				{
					ProductGroup = F9E2C9260F3C009300D5EC49 /* Products */;
					ProjectRef = F9E2C9250F3C009300D5EC49 /* DVI.xcodeproj */;
				},
				{
					ProductGroup = F9A057A90F5075DD008C804E /* Products */;
					ProjectRef = F9A057A80F5075DD008C804E /* DVIImporter.xcodeproj */;
				},
				{
					ProductGroup = F9B3960A0F340A71007F95E9 /* Products */;
					ProjectRef = F9B396090F340A71007F95E9 /* FileView.xcodeproj */;
				},
				{
					ProductGroup = F9DCD35A0F06F08C00600DD2 /* Products */;
					ProjectRef = F9DCD3590F06F08C00600DD2 /* Sparkle.xcodeproj */;
				},
			);
			projectRoot = "";
			targets = (
				8D1107260486CEB800E47090 /* TeX Live Utility */,
				F9B139CA0EECBDFE007C0046 /* tlmgr_cwrapper */,
			);
		};
/* End PBXProject section */

/* Begin PBXReferenceProxy section */
		F9A057B20F5075DD008C804E /* DVIImporter.mdimporter */ = {
			isa = PBXReferenceProxy;
			fileType = wrapper.cfbundle;
			path = DVIImporter.mdimporter;
			remoteRef = F9A057B10F5075DD008C804E /* PBXContainerItemProxy */;
			sourceTree = BUILT_PRODUCTS_DIR;
		};
		F9B396150F340A71007F95E9 /* FileView.framework */ = {
			isa = PBXReferenceProxy;
			fileType = wrapper.framework;
			path = FileView.framework;
			remoteRef = F9B396140F340A71007F95E9 /* PBXContainerItemProxy */;
			sourceTree = BUILT_PRODUCTS_DIR;
		};
		F9B396170F340A71007F95E9 /* FileView Program.app */ = {
			isa = PBXReferenceProxy;
			fileType = wrapper.application;
			path = "FileView Program.app";
			remoteRef = F9B396160F340A71007F95E9 /* PBXContainerItemProxy */;
			sourceTree = BUILT_PRODUCTS_DIR;
		};
		F9B396190F340A71007F95E9 /* FileViewIBPlugin.ibplugin */ = {
			isa = PBXReferenceProxy;
			fileType = wrapper.cfbundle;
			path = FileViewIBPlugin.ibplugin;
			remoteRef = F9B396180F340A71007F95E9 /* PBXContainerItemProxy */;
			sourceTree = BUILT_PRODUCTS_DIR;
		};
		F9DCD3650F06F08C00600DD2 /* Sparkle.framework */ = {
			isa = PBXReferenceProxy;
			fileType = wrapper.framework;
			path = Sparkle.framework;
			remoteRef = F9DCD3640F06F08C00600DD2 /* PBXContainerItemProxy */;
			sourceTree = BUILT_PRODUCTS_DIR;
		};
		F9DCD3670F06F08C00600DD2 /* Sparkle Test App.app */ = {
			isa = PBXReferenceProxy;
			fileType = wrapper.application;
			path = "Sparkle Test App.app";
			remoteRef = F9DCD3660F06F08C00600DD2 /* PBXContainerItemProxy */;
			sourceTree = BUILT_PRODUCTS_DIR;
		};
		F9DCD3690F06F08C00600DD2 /* relaunch */ = {
			isa = PBXReferenceProxy;
			fileType = "compiled.mach-o.executable";
			path = relaunch;
			remoteRef = F9DCD3680F06F08C00600DD2 /* PBXContainerItemProxy */;
			sourceTree = BUILT_PRODUCTS_DIR;
		};
		F9DCD36B0F06F08C00600DD2 /* Sparkle Unit Tests.octest */ = {
			isa = PBXReferenceProxy;
			fileType = wrapper.cfbundle;
			path = "Sparkle Unit Tests.octest";
			remoteRef = F9DCD36A0F06F08C00600DD2 /* PBXContainerItemProxy */;
			sourceTree = BUILT_PRODUCTS_DIR;
		};
		F9E2C92D0F3C009400D5EC49 /* DVI.qlgenerator */ = {
			isa = PBXReferenceProxy;
			fileType = wrapper.cfbundle;
			path = DVI.qlgenerator;
			remoteRef = F9E2C92C0F3C009400D5EC49 /* PBXContainerItemProxy */;
			sourceTree = BUILT_PRODUCTS_DIR;
		};
/* End PBXReferenceProxy section */

/* Begin PBXResourcesBuildPhase section */
		8D1107290486CEB800E47090 /* Resources */ = {
			isa = PBXResourcesBuildPhase;
			buildActionMask = 2147483647;
			files = (
				F99CCDE70F0EB56E00D67ED0 /* DefaultMirrors.plist in Resources */,
				8D11072B0486CEB800E47090 /* InfoPlist.strings in Resources */,
				1DDD58160DA1D0A300B32029 /* MainMenu.xib in Resources */,
				F9B134710EEB1B13007C0046 /* MainWindow.xib in Resources */,
				F9B13B2B0EECEB05007C0046 /* InfoPanel.xib in Resources */,
				F9F130560EED94D800D9968D /* Preferences.xib in Resources */,
				F9ABAA5E0EF198D500497E0F /* Credits.rtf in Resources */,
				F97E85740EFA18F400862882 /* TeXDistTool.icns in Resources */,
				F97E860C0EFA3BFD00862882 /* TeXDistDocument.icns in Resources */,
				F905217F0EFEA98600B489FE /* PapersizeSheet.xib in Resources */,
				F9DCD43F0F06F76F00600DD2 /* dsa_pub.pem in Resources */,
				F9B062000F0F388500BB03D3 /* Localizable.strings in Resources */,
				F96249D50F1C516F007F3D70 /* ReleaseNotes.xib in Resources */,
				F9A4A106105D736B00F5AC62 /* texlive.profile.plist in Resources */,
			);
			runOnlyForDeploymentPostprocessing = 0;
		};
/* End PBXResourcesBuildPhase section */

/* Begin PBXShellScriptBuildPhase section */
		F9B396400F340E45007F95E9 /* FileView install name */ = {
			isa = PBXShellScriptBuildPhase;
			buildActionMask = 2147483647;
			files = (
			);
			inputPaths = (
			);
			name = "FileView install name";
			outputPaths = (
			);
			runOnlyForDeploymentPostprocessing = 0;
			shellPath = /bin/sh;
			shellScript = "/usr/bin/install_name_tool -change \\\n'@loader_path/../../../../../../../FileView.framework/Versions/A/FileView' \\\n'@executable_path/../Frameworks/FileView.framework/Versions/A/FileView'   \\\n\"${BUILT_PRODUCTS_DIR}/${EXECUTABLE_PATH}\"";
		};
		F9DCD5650F07EFF100600DD2 /* ShellScript */ = {
			isa = PBXShellScriptBuildPhase;
			buildActionMask = 2147483647;
			files = (
			);
			inputPaths = (
			);
			outputPaths = (
			);
			runOnlyForDeploymentPostprocessing = 0;
			shellPath = /bin/sh;
			shellScript = "cd ${SOURCE_ROOT}\n\n/usr/bin/genstrings -o \"${SOURCE_ROOT}/English.lproj\" *.m";
		};
/* End PBXShellScriptBuildPhase section */

/* Begin PBXSourcesBuildPhase section */
		8D11072C0486CEB800E47090 /* Sources */ = {
			isa = PBXSourcesBuildPhase;
			buildActionMask = 2147483647;
			files = (
				8D11072D0486CEB800E47090 /* main.m in Sources */,
				F9B134610EEB1894007C0046 /* TLMAppController.m in Sources */,
				F9B134680EEB19CB007C0046 /* TLMMainWindowController.m in Sources */,
				F9B134780EEB2065007C0046 /* TLMPackage.m in Sources */,
				F9B1347D0EEB208C007C0046 /* TLMOutputParser.m in Sources */,
				F9B134BF0EEB293F007C0046 /* TLMOperation.m in Sources */,
				F9B134C60EEB3383007C0046 /* BDSKTask.m in Sources */,
				F9B1371B0EEC4A72007C0046 /* TLMListUpdatesOperation.m in Sources */,
				F9B137200EEC4A92007C0046 /* TLMUpdateOperation.m in Sources */,
				F9B13ADE0EECDAC8007C0046 /* TLMSplitView.m in Sources */,
				F9B13B1D0EECE7F3007C0046 /* TLMInfoOperation.m in Sources */,
				F9B13B240EECEA73007C0046 /* TLMInfoController.m in Sources */,
				F9F1305B0EED94F700D9968D /* TLMPreferenceController.m in Sources */,
				F99E51980EEE4AD5006E6B39 /* TLMURLFormatter.m in Sources */,
				F9F56B4C0EF31F8800E934A9 /* TLMLogMessage.m in Sources */,
				F9F56BA10EF36F8B00E934A9 /* TLMLogDataSource.m in Sources */,
				F9B6B5F80EF469A600CF767F /* TLMLogServer.m in Sources */,
				F94E74A20EF4965100E0B78F /* TLMTableView.m in Sources */,
				F9A8BB370EF8B11200E35DC9 /* TLMInfraUpdateOperation.m in Sources */,
				F9E22FD50EFCBD2A00B0BE38 /* TLMPapersizeOperation.m in Sources */,
				F9FAA44E0EFCBECD0040EAB2 /* TLMPapersizeController.m in Sources */,
				F90520DA0EFDCB5400B489FE /* TLMAuthorizedOperation.m in Sources */,
				F964A3350EFEFBCC0006868B /* TLMStatusWindow.m in Sources */,
				F964A6350F0070E80006868B /* TLMPackageListDataSource.m in Sources */,
				F964A63B0F0071920006868B /* TLMPackageNode.m in Sources */,
				F964A6660F009B1F0006868B /* TLMListOperation.m in Sources */,
				F99D9B0B0F01731E00A1DCCB /* TLMTabView.m in Sources */,
				F9D37C9A0F01A80800FB755E /* TLMGradientView.m in Sources */,
				F9D37D640F01EA8900FB755E /* TLMUpdateListDataSource.m in Sources */,
				F9D37E7B0F02B5F700FB755E /* TLMOutlineView.m in Sources */,
				F9963EC50F0490E9005F0174 /* TLMRemoveOperation.m in Sources */,
				F9963FEF0F054999005F0174 /* TLMInstallOperation.m in Sources */,
				F97A7E500F13067C008EBCEA /* TLMTask.m in Sources */,
				F9F043030F180031008DFE8C /* TLMReadWriteOperationQueue.m in Sources */,
				F96249D10F1C453B007F3D70 /* TLMReleaseNotesController.m in Sources */,
				F9129BC0102F25AC000A7B50 /* TLMSizeFormatter.m in Sources */,
				F922D79E1038B1E1004E9B12 /* TLMDownload.m in Sources */,
				F91858E0104798C400341791 /* TLMOptionOperation.m in Sources */,
				F9A49FC71059E64400F5AC62 /* TLMInstallDataSource.m in Sources */,
				F9A4A093105CA67100F5AC62 /* TLMProfileNode.m in Sources */,
				F98FADA910672943002C1972 /* TLMNetInstallOperation.m in Sources */,
				F9053F4810B21B0D00BF5C0B /* TLMProgressIndicatorCell.m in Sources */,
				F9F1C11310C5ABA300D32C17 /* NSMenu_TLMExtensions.m in Sources */,
				F9999F9C10D1C33800F594CB /* KeychainUtilities.m in Sources */,
			);
			runOnlyForDeploymentPostprocessing = 0;
		};
		F9B139C80EECBDFE007C0046 /* Sources */ = {
			isa = PBXSourcesBuildPhase;
			buildActionMask = 2147483647;
			files = (
				F9B139D40EECBE23007C0046 /* tlmgr_cwrapper.m in Sources */,
				F9B6B5EB0EF4647400CF767F /* TLMLogMessage.m in Sources */,
			);
			runOnlyForDeploymentPostprocessing = 0;
		};
/* End PBXSourcesBuildPhase section */

/* Begin PBXTargetDependency section */
		F91E079A0F341CA2006F4D97 /* PBXTargetDependency */ = {
			isa = PBXTargetDependency;
			name = "Framework + Plugins";
			targetProxy = F91E07990F341CA2006F4D97 /* PBXContainerItemProxy */;
		};
		F9A057C80F5076A2008C804E /* PBXTargetDependency */ = {
			isa = PBXTargetDependency;
			name = DVIImporter;
			targetProxy = F9A057C70F5076A2008C804E /* PBXContainerItemProxy */;
		};
		F9B139D60EECBE8F007C0046 /* PBXTargetDependency */ = {
			isa = PBXTargetDependency;
			target = F9B139CA0EECBDFE007C0046 /* tlmgr_cwrapper */;
			targetProxy = F9B139D50EECBE8F007C0046 /* PBXContainerItemProxy */;
		};
		F9DCD40E0F06F1D900600DD2 /* PBXTargetDependency */ = {
			isa = PBXTargetDependency;
			name = Sparkle;
			targetProxy = F9DCD40D0F06F1D900600DD2 /* PBXContainerItemProxy */;
		};
		F9E2C9330F3C00AE00D5EC49 /* PBXTargetDependency */ = {
			isa = PBXTargetDependency;
			name = DVI;
			targetProxy = F9E2C9320F3C00AE00D5EC49 /* PBXContainerItemProxy */;
		};
/* End PBXTargetDependency section */

/* Begin PBXVariantGroup section */
		089C165CFE840E0CC02AAC07 /* InfoPlist.strings */ = {
			isa = PBXVariantGroup;
			children = (
				089C165DFE840E0CC02AAC07 /* English */,
			);
			name = InfoPlist.strings;
			sourceTree = "<group>";
		};
		1DDD58140DA1D0A300B32029 /* MainMenu.xib */ = {
			isa = PBXVariantGroup;
			children = (
				1DDD58150DA1D0A300B32029 /* English */,
			);
			name = MainMenu.xib;
			sourceTree = "<group>";
		};
		F9B061FF0F0F388500BB03D3 /* Localizable.strings */ = {
			isa = PBXVariantGroup;
			children = (
				F9B061FD0F0F387700BB03D3 /* English */,
			);
			name = Localizable.strings;
			sourceTree = "<group>";
		};
		F9B134700EEB1B13007C0046 /* MainWindow.xib */ = {
			isa = PBXVariantGroup;
			children = (
				F9B1346D0EEB1AFE007C0046 /* English */,
			);
			name = MainWindow.xib;
			sourceTree = "<group>";
		};
		F9F130550EED94D800D9968D /* Preferences.xib */ = {
			isa = PBXVariantGroup;
			children = (
				F9F130530EED94CC00D9968D /* English */,
			);
			name = Preferences.xib;
			sourceTree = "<group>";
		};
/* End PBXVariantGroup section */

/* Begin XCBuildConfiguration section */
		C01FCF4B08A954540054247B /* Debug */ = {
			isa = XCBuildConfiguration;
			buildSettings = {
				ALWAYS_SEARCH_USER_PATHS = NO;
				CODE_SIGN_IDENTITY = "TeX Live Utility Signing Certificate";
				COPY_PHASE_STRIP = NO;
				GCC_DEBUGGING_SYMBOLS = full;
				GCC_DYNAMIC_NO_PIC = NO;
				GCC_ENABLE_FIX_AND_CONTINUE = YES;
				GCC_OPTIMIZATION_LEVEL = 0;
				GCC_PRECOMPILE_PREFIX_HEADER = YES;
				GCC_PREFIX_HEADER = "TeX Live Manager_Prefix.pch";
				INFOPLIST_FILE = Info.plist;
				INSTALL_PATH = "$(HOME)/Applications";
				OTHER_CODE_SIGN_FLAGS = "-o kill";
				PRODUCT_NAME = "TeX Live Utility";
			};
			name = Debug;
		};
		C01FCF4C08A954540054247B /* Release */ = {
			isa = XCBuildConfiguration;
			buildSettings = {
				ALWAYS_SEARCH_USER_PATHS = NO;
				CODE_SIGN_IDENTITY = "TeX Live Utility Signing Certificate";
				GCC_PRECOMPILE_PREFIX_HEADER = YES;
				GCC_PREFIX_HEADER = "TeX Live Manager_Prefix.pch";
				INFOPLIST_FILE = Info.plist;
				INSTALL_PATH = "$(HOME)/Applications";
				OTHER_CODE_SIGN_FLAGS = "-o kill";
				PRODUCT_NAME = "TeX Live Utility";
			};
			name = Release;
		};
		C01FCF4F08A954540054247B /* Debug */ = {
			isa = XCBuildConfiguration;
			buildSettings = {
				COPY_PHASE_STRIP = NO;
				DEBUG_INFORMATION_FORMAT = "dwarf-with-dsym";
				GCC_C_LANGUAGE_STANDARD = gnu99;
				GCC_OPTIMIZATION_LEVEL = 0;
				GCC_VERSION = 4.2;
				GCC_WARN_ABOUT_MISSING_FIELD_INITIALIZERS = YES;
				GCC_WARN_ABOUT_MISSING_NEWLINE = YES;
				GCC_WARN_ABOUT_RETURN_TYPE = YES;
				GCC_WARN_CHECK_SWITCH_STATEMENTS = YES;
				GCC_WARN_MISSING_PARENTHESES = YES;
				GCC_WARN_SIGN_COMPARE = YES;
				GCC_WARN_UNUSED_VARIABLE = YES;
				IBC_FLATTEN_NIBS = NO;
				MACOSX_DEPLOYMENT_TARGET = 10.5;
				ONLY_ACTIVE_ARCH = YES;
				OTHER_LDFLAGS = (
					"-sectcreate",
					__TEXT,
					__info_plist,
					"\"$(SRCROOT)/$(INFOPLIST_FILE)\"",
				);
				SDKROOT = macosx10.5;
				WARNING_CFLAGS = "-Wall";
			};
			name = Debug;
		};
		C01FCF5008A954540054247B /* Release */ = {
			isa = XCBuildConfiguration;
			buildSettings = {
				ARCHS = (
					ppc,
					i386,
					x86_64,
				);
				COPY_PHASE_STRIP = NO;
				DEBUG_INFORMATION_FORMAT = "dwarf-with-dsym";
				GCC_C_LANGUAGE_STANDARD = gnu99;
				GCC_VERSION = 4.2;
				GCC_WARN_ABOUT_MISSING_FIELD_INITIALIZERS = YES;
				GCC_WARN_ABOUT_MISSING_NEWLINE = YES;
				GCC_WARN_ABOUT_RETURN_TYPE = YES;
				GCC_WARN_MISSING_PARENTHESES = YES;
				GCC_WARN_SIGN_COMPARE = YES;
				GCC_WARN_UNINITIALIZED_AUTOS = YES;
				GCC_WARN_UNUSED_VARIABLE = YES;
				IBC_FLATTEN_NIBS = NO;
				MACOSX_DEPLOYMENT_TARGET = 10.5;
				OTHER_LDFLAGS = (
					"-sectcreate",
					__TEXT,
					__info_plist,
					"\"$(SRCROOT)/$(INFOPLIST_FILE)\"",
				);
				SDKROOT = macosx10.5;
				WARNING_CFLAGS = "-Wall";
			};
			name = Release;
		};
		F9B139CD0EECBE00007C0046 /* Debug */ = {
			isa = XCBuildConfiguration;
			buildSettings = {
				CODE_SIGN_IDENTITY = "TeX Live Utility Signing Certificate";
				INFOPLIST_FILE = "tlmgr_cwrapper-Info.plist";
				INSTALL_PATH = /usr/local/bin;
				OTHER_CODE_SIGN_FLAGS = "-i com.googlecode.mactlmgr.tlmgr_cwrapper -o kill";
				PRODUCT_NAME = tlmgr_cwrapper;
			};
			name = Debug;
		};
		F9B139CE0EECBE00007C0046 /* Release */ = {
			isa = XCBuildConfiguration;
			buildSettings = {
				ALWAYS_SEARCH_USER_PATHS = NO;
				CODE_SIGN_IDENTITY = "TeX Live Utility Signing Certificate";
				INFOPLIST_FILE = "tlmgr_cwrapper-Info.plist";
				INSTALL_PATH = /usr/local/bin;
				OTHER_CODE_SIGN_FLAGS = "-i com.googlecode.mactlmgr.tlmgr_cwrapper -o kill";
				PRODUCT_NAME = tlmgr_cwrapper;
			};
			name = Release;
		};
/* End XCBuildConfiguration section */

/* Begin XCConfigurationList section */
		C01FCF4A08A954540054247B /* Build configuration list for PBXNativeTarget "TeX Live Utility" */ = {
			isa = XCConfigurationList;
			buildConfigurations = (
				C01FCF4B08A954540054247B /* Debug */,
				C01FCF4C08A954540054247B /* Release */,
			);
			defaultConfigurationIsVisible = 0;
			defaultConfigurationName = Release;
		};
		C01FCF4E08A954540054247B /* Build configuration list for PBXProject "TeX Live Manager" */ = {
			isa = XCConfigurationList;
			buildConfigurations = (
				C01FCF4F08A954540054247B /* Debug */,
				C01FCF5008A954540054247B /* Release */,
			);
			defaultConfigurationIsVisible = 0;
			defaultConfigurationName = Release;
		};
		F9B139D10EECBE1E007C0046 /* Build configuration list for PBXNativeTarget "tlmgr_cwrapper" */ = {
			isa = XCConfigurationList;
			buildConfigurations = (
				F9B139CD0EECBE00007C0046 /* Debug */,
				F9B139CE0EECBE00007C0046 /* Release */,
			);
			defaultConfigurationIsVisible = 0;
			defaultConfigurationName = Release;
		};
/* End XCConfigurationList section */
	};
	rootObject = 29B97313FDCFA39411CA2CEA /* Project object */;
}
